<?xml version="1.0" encoding="UTF-8" standalone="yes" ?>
<CodeBlocks_project_file>
	<FileVersion major="1" minor="6" />
	<Project>
		<Option title="lethe" />
		<Option pch_mode="2" />
		<Option compiler="gcc" />
		<Option virtualFolders="data/;" />
		<Build>
			<Script file="lib_finder.script" />
			<Target title="debug">
				<Option output="bin/debug/lethe" prefix_auto="1" extension_auto="1" />
				<Option object_output="obj/debug/" />
				<Option type="1" />
				<Option compiler="gcc" />
				<Compiler>
					<Add option="-std=c++11" />
					<Add option="-Wextra" />
					<Add option="-Wall" />
					<Add option="-g" />
				</Compiler>
			</Target>
			<Target title="release">
				<Option output="bin/release/lethe" prefix_auto="1" extension_auto="1" />
				<Option object_output="obj/release/" />
				<Option type="0" />
				<Option compiler="gcc" />
				<Compiler>
					<Add option="-O2" />
					<Add option="-std=c++11" />
				</Compiler>
				<Linker>
					<Add option="-s" />
				</Linker>
			</Target>
		</Build>
		<Compiler>
			<Add option="-std=c++11" />
			<Add option="-Wextra" />
			<Add option="-Wall" />
			<Add option="`sdl-config --cflags`" />
		</Compiler>
		<Linker>
			<Add option="`sdl-config --libs`" />
		</Linker>
		<Unit filename="src/book.cpp" />
		<Unit filename="src/book.h" />
		<Unit filename="src/keywordsmap.cpp" />
		<Unit filename="src/keywordsmap.h" />
		<Unit filename="src/main.cpp" />
		<Unit filename="src/main.h" />
		<Unit filename="src/page.cpp" />
		<Unit filename="src/page.h" />
		<Unit filename="src/properties.cpp" />
		<Unit filename="src/properties.h" />
		<Unit filename="src/reader.cpp" />
		<Unit filename="src/reader.h" />
		<Unit filename="src/session.cpp" />
		<Unit filename="src/session.h" />
		<Unit filename="src/story.cpp" />
		<Unit filename="src/story.h" />
		<Unit filename="src/storyquery.cpp" />
		<Unit filename="src/storyquery.h" />
		<Unit filename="src/textbox.cpp" />
		<Unit filename="src/textbox.h" />
		<Unit filename="src/tokens.cpp" />
		<Unit filename="src/tokens.h" />
		<Extensions>
			<code_completion />
			<envvars />
			<debugger />
			<lib_finder disable_auto="1">
				<lib name="sdl" />
				<lib name="SDL_ttf" />
				<lib name="SDL_gfx" />
				<lib name="SDL_image" />
				<lib name="SDL_stretch" />
			</lib_finder>
			<DoxyBlocks>
				<comment_style block="0" line="0" />
				<doxyfile_project />
				<doxyfile_build />
				<doxyfile_warnings />
				<doxyfile_output />
				<doxyfile_dot />
				<general />
			</DoxyBlocks>
		</Extensions>
	</Project>
</CodeBlocks_project_file>
